
Microsoft Visual Studio Solution File, Format Version 12.00
# Blend for Visual Studio Version 17
VisualStudioVersion = 17.4.33205.214
MinimumVisualStudioVersion = 10.0.40219.1
Project("{FAE04EC0-301F-11D3-BF4B-00C04F79EFBC}") = "VisualDice", "VisualDice.csproj", "{7A0CAEB4-CEFF-4975-BFA1-020EA82DF7B2}"
EndProject
Global
	GlobalSection(SolutionConfigurationPlatforms) = preSolution
		Debug|Any CPU = Debug|Any CPU
		Release|Any CPU = Release|Any CPU
	EndGlobalSection
	GlobalSection(ProjectConfigurationPlatforms) = postSolution
		{7A0CAEB4-CEFF-4975-BFA1-020EA82DF7B2}.Debug|Any CPU.ActiveCfg = Debug|Any CPU
		{7A0CAEB4-CEFF-4975-BFA1-020EA82DF7B2}.Debug|Any CPU.Build.0 = Debug|Any CPU
		{7A0CAEB4-CEFF-4975-BFA1-020EA82DF7B2}.Release|Any CPU.ActiveCfg = Release|Any CPU
		{7A0CAEB4-CEFF-4975-BFA1-020EA82DF7B2}.Release|Any CPU.Build.0 = Release|Any CPU
	EndGlobalSection
	GlobalSection(SolutionProperties) = preSolution
		HideSolutionNode = FALSE
	EndGlobalSection
	GlobalSection(ExtensibilityGlobals) = postSolution
		SolutionGuid = {F90ABB03-9B2E-4744-BD8D-DB1148B9E7A2}
	EndGlobalSection
EndGlobal
